
Microsoft Visual Studio Solution File, Format Version 12.00
# Visual Studio Version 16
VisualStudioVersion = 16.0.29806.167
MinimumVisualStudioVersion = 10.0.40219.1
Project("{8BC9CEB8-8B4A-11D0-8D11-00A0C91BC942}") = "MoonPlus", "MoonPlus.vcxproj", "{CF4F54DB-61FE-48E0-BA2E-4168BA27ECBD}"
EndProject
Global
	GlobalSection(SolutionConfigurationPlatforms) = preSolution
		Debug|x64 = Debug|x64
		Debug|x86 = Debug|x86
		Release|x64 = Release|x64
		Release|x86 = Release|x86
	EndGlobalSection
	GlobalSection(ProjectConfigurationPlatforms) = postSolution
		{CF4F54DB-61FE-48E0-BA2E-4168BA27ECBD}.Debug|x64.ActiveCfg = Debug|x64
		{CF4F54DB-61FE-48E0-BA2E-4168BA27ECBD}.Debug|x64.Build.0 = Debug|x64
		{CF4F54DB-61FE-48E0-BA2E-4168BA27ECBD}.Debug|x86.ActiveCfg = Debug|Win32
		{CF4F54DB-61FE-48E0-BA2E-4168BA27ECBD}.Debug|x86.Build.0 = Debug|Win32
		{CF4F54DB-61FE-48E0-BA2E-4168BA27ECBD}.Release|x64.ActiveCfg = Release|x64
		{CF4F54DB-61FE-48E0-BA2E-4168BA27ECBD}.Release|x64.Build.0 = Release|x64
		{CF4F54DB-61FE-48E0-BA2E-4168BA27ECBD}.Release|x86.ActiveCfg = Release|Win32
		{CF4F54DB-61FE-48E0-BA2E-4168BA27ECBD}.Release|x86.Build.0 = Release|Win32
	EndGlobalSection
	GlobalSection(SolutionProperties) = preSolution
		HideSolutionNode = FALSE
	EndGlobalSection
	GlobalSection(ExtensibilityGlobals) = postSolution
		SolutionGuid = {49826A7F-7A92-4CFC-95DD-28B7045BB2F7}
	EndGlobalSection
EndGlobal
