<?xml version="1.0" encoding="utf-8"?>
<Project ToolsVersion="4.0" xmlns="http://schemas.microsoft.com/developer/msbuild/2003">
  <ItemGroup>
    <Filter Include="src">
      <UniqueIdentifier>{93995380-89BD-4b04-88EB-625FBE52EBFB}</UniqueIdentifier>
      <Extensions>h;hh;hpp;hxx;hm;inl;inc;ipp;xsd</Extensions>
    </Filter>
    <Filter Include="src\MoonP">
      <UniqueIdentifier>{c88639d5-457d-42eb-b852-65682c89c618}</UniqueIdentifier>
    </Filter>
    <Filter Include="src\lua-5.3">
      <UniqueIdentifier>{338bdf98-6a02-4589-a373-c7bca25c746b}</UniqueIdentifier>
    </Filter>
  </ItemGroup>
  <ItemGroup>
    <ClCompile Include="src\MoonP\ast.cpp">
      <Filter>src\MoonP</Filter>
    </ClCompile>
    <ClCompile Include="src\MoonP\moon_compiler.cpp">
      <Filter>src\MoonP</Filter>
    </ClCompile>
    <ClCompile Include="src\MoonP\moon_parser.cpp">
      <Filter>src\MoonP</Filter>
    </ClCompile>
    <ClCompile Include="src\MoonP\parser.cpp">
      <Filter>src\MoonP</Filter>
    </ClCompile>
    <ClCompile Include="src\moonp.cpp">
      <Filter>src</Filter>
    </ClCompile>
    <ClCompile Include="src\MoonP\moonplus.cpp">
      <Filter>src\MoonP</Filter>
    </ClCompile>
    <ClCompile Include="src\lua-5.3\lapi.c">
      <Filter>src\lua-5.3</Filter>
    </ClCompile>
    <ClCompile Include="src\lua-5.3\lauxlib.c">
      <Filter>src\lua-5.3</Filter>
    </ClCompile>
    <ClCompile Include="src\lua-5.3\lbaselib.c">
      <Filter>src\lua-5.3</Filter>
    </ClCompile>
    <ClCompile Include="src\lua-5.3\lbitlib.c">
      <Filter>src\lua-5.3</Filter>
    </ClCompile>
    <ClCompile Include="src\lua-5.3\lcode.c">
      <Filter>src\lua-5.3</Filter>
    </ClCompile>
    <ClCompile Include="src\lua-5.3\lcorolib.c">
      <Filter>src\lua-5.3</Filter>
    </ClCompile>
    <ClCompile Include="src\lua-5.3\lctype.c">
      <Filter>src\lua-5.3</Filter>
    </ClCompile>
    <ClCompile Include="src\lua-5.3\ldblib.c">
      <Filter>src\lua-5.3</Filter>
    </ClCompile>
    <ClCompile Include="src\lua-5.3\ldebug.c">
      <Filter>src\lua-5.3</Filter>
    </ClCompile>
    <ClCompile Include="src\lua-5.3\ldo.c">
      <Filter>src\lua-5.3</Filter>
    </ClCompile>
    <ClCompile Include="src\lua-5.3\ldump.c">
      <Filter>src\lua-5.3</Filter>
    </ClCompile>
    <ClCompile Include="src\lua-5.3\lfunc.c">
      <Filter>src\lua-5.3</Filter>
    </ClCompile>
    <ClCompile Include="src\lua-5.3\lgc.c">
      <Filter>src\lua-5.3</Filter>
    </ClCompile>
    <ClCompile Include="src\lua-5.3\linit.c">
      <Filter>src\lua-5.3</Filter>
    </ClCompile>
    <ClCompile Include="src\lua-5.3\liolib.c">
      <Filter>src\lua-5.3</Filter>
    </ClCompile>
    <ClCompile Include="src\lua-5.3\llex.c">
      <Filter>src\lua-5.3</Filter>
    </ClCompile>
    <ClCompile Include="src\lua-5.3\lmathlib.c">
      <Filter>src\lua-5.3</Filter>
    </ClCompile>
    <ClCompile Include="src\lua-5.3\lmem.c">
      <Filter>src\lua-5.3</Filter>
    </ClCompile>
    <ClCompile Include="src\lua-5.3\loadlib.c">
      <Filter>src\lua-5.3</Filter>
    </ClCompile>
    <ClCompile Include="src\lua-5.3\lobject.c">
      <Filter>src\lua-5.3</Filter>
    </ClCompile>
    <ClCompile Include="src\lua-5.3\lopcodes.c">
      <Filter>src\lua-5.3</Filter>
    </ClCompile>
    <ClCompile Include="src\lua-5.3\loslib.c">
      <Filter>src\lua-5.3</Filter>
    </ClCompile>
    <ClCompile Include="src\lua-5.3\lparser.c">
      <Filter>src\lua-5.3</Filter>
    </ClCompile>
    <ClCompile Include="src\lua-5.3\lstate.c">
      <Filter>src\lua-5.3</Filter>
    </ClCompile>
    <ClCompile Include="src\lua-5.3\lstring.c">
      <Filter>src\lua-5.3</Filter>
    </ClCompile>
    <ClCompile Include="src\lua-5.3\lstrlib.c">
      <Filter>src\lua-5.3</Filter>
    </ClCompile>
    <ClCompile Include="src\lua-5.3\ltable.c">
      <Filter>src\lua-5.3</Filter>
    </ClCompile>
    <ClCompile Include="src\lua-5.3\ltablib.c">
      <Filter>src\lua-5.3</Filter>
    </ClCompile>
    <ClCompile Include="src\lua-5.3\ltm.c">
      <Filter>src\lua-5.3</Filter>
    </ClCompile>
    <ClCompile Include="src\lua-5.3\lundump.c">
      <Filter>src\lua-5.3</Filter>
    </ClCompile>
    <ClCompile Include="src\lua-5.3\lutf8lib.c">
      <Filter>src\lua-5.3</Filter>
    </ClCompile>
    <ClCompile Include="src\lua-5.3\lvm.c">
      <Filter>src\lua-5.3</Filter>
    </ClCompile>
    <ClCompile Include="src\lua-5.3\lzio.c">
      <Filter>src\lua-5.3</Filter>
    </ClCompile>
  </ItemGroup>
  <ItemGroup>
    <ClInclude Include="src\MoonP\ast.hpp">
      <Filter>src\MoonP</Filter>
    </ClInclude>
    <ClInclude Include="src\MoonP\moon_ast.h">
      <Filter>src\MoonP</Filter>
    </ClInclude>
    <ClInclude Include="src\MoonP\moon_compiler.h">
      <Filter>src\MoonP</Filter>
    </ClInclude>
    <ClInclude Include="src\MoonP\moon_parser.h">
      <Filter>src\MoonP</Filter>
    </ClInclude>
    <ClInclude Include="src\MoonP\parser.hpp">
      <Filter>src\MoonP</Filter>
    </ClInclude>
    <ClInclude Include="src\MoonP\moonplus.h">
      <Filter>src\MoonP</Filter>
    </ClInclude>
    <ClInclude Include="src\MoonP\stacktraceplus.h">
      <Filter>src\MoonP</Filter>
    </ClInclude>
    <ClInclude Include="src\lua-5.3\lapi.h">
      <Filter>src\lua-5.3</Filter>
    </ClInclude>
    <ClInclude Include="src\lua-5.3\lauxlib.h">
      <Filter>src\lua-5.3</Filter>
    </ClInclude>
    <ClInclude Include="src\lua-5.3\lcode.h">
      <Filter>src\lua-5.3</Filter>
    </ClInclude>
    <ClInclude Include="src\lua-5.3\lctype.h">
      <Filter>src\lua-5.3</Filter>
    </ClInclude>
    <ClInclude Include="src\lua-5.3\ldebug.h">
      <Filter>src\lua-5.3</Filter>
    </ClInclude>
    <ClInclude Include="src\lua-5.3\ldo.h">
      <Filter>src\lua-5.3</Filter>
    </ClInclude>
    <ClInclude Include="src\lua-5.3\lfunc.h">
      <Filter>src\lua-5.3</Filter>
    </ClInclude>
    <ClInclude Include="src\lua-5.3\lgc.h">
      <Filter>src\lua-5.3</Filter>
    </ClInclude>
    <ClInclude Include="src\lua-5.3\llex.h">
      <Filter>src\lua-5.3</Filter>
    </ClInclude>
    <ClInclude Include="src\lua-5.3\llimits.h">
      <Filter>src\lua-5.3</Filter>
    </ClInclude>
    <ClInclude Include="src\lua-5.3\lmem.h">
      <Filter>src\lua-5.3</Filter>
    </ClInclude>
    <ClInclude Include="src\lua-5.3\lobject.h">
      <Filter>src\lua-5.3</Filter>
    </ClInclude>
    <ClInclude Include="src\lua-5.3\lopcodes.h">
      <Filter>src\lua-5.3</Filter>
    </ClInclude>
    <ClInclude Include="src\lua-5.3\lparser.h">
      <Filter>src\lua-5.3</Filter>
    </ClInclude>
    <ClInclude Include="src\lua-5.3\lprefix.h">
      <Filter>src\lua-5.3</Filter>
    </ClInclude>
    <ClInclude Include="src\lua-5.3\lstate.h">
      <Filter>src\lua-5.3</Filter>
    </ClInclude>
    <ClInclude Include="src\lua-5.3\lstring.h">
      <Filter>src\lua-5.3</Filter>
    </ClInclude>
    <ClInclude Include="src\lua-5.3\ltable.h">
      <Filter>src\lua-5.3</Filter>
    </ClInclude>
    <ClInclude Include="src\lua-5.3\ltm.h">
      <Filter>src\lua-5.3</Filter>
    </ClInclude>
    <ClInclude Include="src\lua-5.3\lua.h">
      <Filter>src\lua-5.3</Filter>
    </ClInclude>
    <ClInclude Include="src\lua-5.3\luaconf.h">
      <Filter>src\lua-5.3</Filter>
    </ClInclude>
    <ClInclude Include="src\lua-5.3\lualib.h">
      <Filter>src\lua-5.3</Filter>
    </ClInclude>
    <ClInclude Include="src\lua-5.3\lundump.h">
      <Filter>src\lua-5.3</Filter>
    </ClInclude>
    <ClInclude Include="src\lua-5.3\lvm.h">
      <Filter>src\lua-5.3</Filter>
    </ClInclude>
    <ClInclude Include="src\lua-5.3\lzio.h">
      <Filter>src\lua-5.3</Filter>
    </ClInclude>
  </ItemGroup>
</Project>