<?xml version="1.0" encoding="utf-8"?>
<Project ToolsVersion="4.0" xmlns="http://schemas.microsoft.com/developer/msbuild/2003">
  <ItemGroup>
    <Filter Include="src">
      <UniqueIdentifier>{93995380-89BD-4b04-88EB-625FBE52EBFB}</UniqueIdentifier>
      <Extensions>h;hh;hpp;hxx;hm;inl;inc;ipp;xsd</Extensions>
    </Filter>
    <Filter Include="src\lua">
      <UniqueIdentifier>{338bdf98-6a02-4589-a373-c7bca25c746b}</UniqueIdentifier>
    </Filter>
    <Filter Include="src\yuescript">
      <UniqueIdentifier>{af398a57-cb37-4862-a5e8-5ec539259611}</UniqueIdentifier>
    </Filter>
  </ItemGroup>
  <ItemGroup>
    <ClCompile Include="src\lua\lapi.c">
      <Filter>src\lua</Filter>
    </ClCompile>
    <ClCompile Include="src\lua\lauxlib.c">
      <Filter>src\lua</Filter>
    </ClCompile>
    <ClCompile Include="src\lua\lbaselib.c">
      <Filter>src\lua</Filter>
    </ClCompile>
    <ClCompile Include="src\lua\lcode.c">
      <Filter>src\lua</Filter>
    </ClCompile>
    <ClCompile Include="src\lua\lcorolib.c">
      <Filter>src\lua</Filter>
    </ClCompile>
    <ClCompile Include="src\lua\lctype.c">
      <Filter>src\lua</Filter>
    </ClCompile>
    <ClCompile Include="src\lua\ldblib.c">
      <Filter>src\lua</Filter>
    </ClCompile>
    <ClCompile Include="src\lua\ldebug.c">
      <Filter>src\lua</Filter>
    </ClCompile>
    <ClCompile Include="src\lua\ldo.c">
      <Filter>src\lua</Filter>
    </ClCompile>
    <ClCompile Include="src\lua\ldump.c">
      <Filter>src\lua</Filter>
    </ClCompile>
    <ClCompile Include="src\lua\lfunc.c">
      <Filter>src\lua</Filter>
    </ClCompile>
    <ClCompile Include="src\lua\lgc.c">
      <Filter>src\lua</Filter>
    </ClCompile>
    <ClCompile Include="src\lua\linit.c">
      <Filter>src\lua</Filter>
    </ClCompile>
    <ClCompile Include="src\lua\liolib.c">
      <Filter>src\lua</Filter>
    </ClCompile>
    <ClCompile Include="src\lua\llex.c">
      <Filter>src\lua</Filter>
    </ClCompile>
    <ClCompile Include="src\lua\lmathlib.c">
      <Filter>src\lua</Filter>
    </ClCompile>
    <ClCompile Include="src\lua\lmem.c">
      <Filter>src\lua</Filter>
    </ClCompile>
    <ClCompile Include="src\lua\loadlib.c">
      <Filter>src\lua</Filter>
    </ClCompile>
    <ClCompile Include="src\lua\lobject.c">
      <Filter>src\lua</Filter>
    </ClCompile>
    <ClCompile Include="src\lua\lopcodes.c">
      <Filter>src\lua</Filter>
    </ClCompile>
    <ClCompile Include="src\lua\loslib.c">
      <Filter>src\lua</Filter>
    </ClCompile>
    <ClCompile Include="src\lua\lparser.c">
      <Filter>src\lua</Filter>
    </ClCompile>
    <ClCompile Include="src\lua\lstate.c">
      <Filter>src\lua</Filter>
    </ClCompile>
    <ClCompile Include="src\lua\lstring.c">
      <Filter>src\lua</Filter>
    </ClCompile>
    <ClCompile Include="src\lua\lstrlib.c">
      <Filter>src\lua</Filter>
    </ClCompile>
    <ClCompile Include="src\lua\ltable.c">
      <Filter>src\lua</Filter>
    </ClCompile>
    <ClCompile Include="src\lua\ltablib.c">
      <Filter>src\lua</Filter>
    </ClCompile>
    <ClCompile Include="src\lua\ltm.c">
      <Filter>src\lua</Filter>
    </ClCompile>
    <ClCompile Include="src\lua\lundump.c">
      <Filter>src\lua</Filter>
    </ClCompile>
    <ClCompile Include="src\lua\lutf8lib.c">
      <Filter>src\lua</Filter>
    </ClCompile>
    <ClCompile Include="src\lua\lvm.c">
      <Filter>src\lua</Filter>
    </ClCompile>
    <ClCompile Include="src\lua\lzio.c">
      <Filter>src\lua</Filter>
    </ClCompile>
    <ClCompile Include="src\yuescript\ast.cpp">
      <Filter>src\yuescript</Filter>
    </ClCompile>
    <ClCompile Include="src\yuescript\parser.cpp">
      <Filter>src\yuescript</Filter>
    </ClCompile>
    <ClCompile Include="src\yuescript\yue_compiler.cpp">
      <Filter>src\yuescript</Filter>
    </ClCompile>
    <ClCompile Include="src\yuescript\yue_parser.cpp">
      <Filter>src\yuescript</Filter>
    </ClCompile>
    <ClCompile Include="src\yuescript\yuescript.cpp">
      <Filter>src\yuescript</Filter>
    </ClCompile>
    <ClCompile Include="src\yue.cpp">
      <Filter>src</Filter>
    </ClCompile>
  </ItemGroup>
  <ItemGroup>
    <ClInclude Include="src\linenoise.hpp">
      <Filter>src</Filter>
    </ClInclude>
    <ClInclude Include="src\lua\lapi.h">
      <Filter>src\lua</Filter>
    </ClInclude>
    <ClInclude Include="src\lua\lauxlib.h">
      <Filter>src\lua</Filter>
    </ClInclude>
    <ClInclude Include="src\lua\lcode.h">
      <Filter>src\lua</Filter>
    </ClInclude>
    <ClInclude Include="src\lua\lctype.h">
      <Filter>src\lua</Filter>
    </ClInclude>
    <ClInclude Include="src\lua\ldebug.h">
      <Filter>src\lua</Filter>
    </ClInclude>
    <ClInclude Include="src\lua\ldo.h">
      <Filter>src\lua</Filter>
    </ClInclude>
    <ClInclude Include="src\lua\lfunc.h">
      <Filter>src\lua</Filter>
    </ClInclude>
    <ClInclude Include="src\lua\lgc.h">
      <Filter>src\lua</Filter>
    </ClInclude>
    <ClInclude Include="src\lua\ljumptab.h">
      <Filter>src\lua</Filter>
    </ClInclude>
    <ClInclude Include="src\lua\llex.h">
      <Filter>src\lua</Filter>
    </ClInclude>
    <ClInclude Include="src\lua\llimits.h">
      <Filter>src\lua</Filter>
    </ClInclude>
    <ClInclude Include="src\lua\lmem.h">
      <Filter>src\lua</Filter>
    </ClInclude>
    <ClInclude Include="src\lua\lobject.h">
      <Filter>src\lua</Filter>
    </ClInclude>
    <ClInclude Include="src\lua\lopcodes.h">
      <Filter>src\lua</Filter>
    </ClInclude>
    <ClInclude Include="src\lua\lopnames.h">
      <Filter>src\lua</Filter>
    </ClInclude>
    <ClInclude Include="src\lua\lparser.h">
      <Filter>src\lua</Filter>
    </ClInclude>
    <ClInclude Include="src\lua\lprefix.h">
      <Filter>src\lua</Filter>
    </ClInclude>
    <ClInclude Include="src\lua\lstate.h">
      <Filter>src\lua</Filter>
    </ClInclude>
    <ClInclude Include="src\lua\lstring.h">
      <Filter>src\lua</Filter>
    </ClInclude>
    <ClInclude Include="src\lua\ltable.h">
      <Filter>src\lua</Filter>
    </ClInclude>
    <ClInclude Include="src\lua\ltm.h">
      <Filter>src\lua</Filter>
    </ClInclude>
    <ClInclude Include="src\lua\lua.h">
      <Filter>src\lua</Filter>
    </ClInclude>
    <ClInclude Include="src\lua\luaconf.h">
      <Filter>src\lua</Filter>
    </ClInclude>
    <ClInclude Include="src\lua\lualib.h">
      <Filter>src\lua</Filter>
    </ClInclude>
    <ClInclude Include="src\lua\lundump.h">
      <Filter>src\lua</Filter>
    </ClInclude>
    <ClInclude Include="src\lua\lvm.h">
      <Filter>src\lua</Filter>
    </ClInclude>
    <ClInclude Include="src\lua\lzio.h">
      <Filter>src\lua</Filter>
    </ClInclude>
    <ClInclude Include="src\yuescript\ast.hpp">
      <Filter>src\yuescript</Filter>
    </ClInclude>
    <ClInclude Include="src\yuescript\parser.hpp">
      <Filter>src\yuescript</Filter>
    </ClInclude>
    <ClInclude Include="src\yuescript\stacktraceplus.h">
      <Filter>src\yuescript</Filter>
    </ClInclude>
    <ClInclude Include="src\yuescript\yue_ast.h">
      <Filter>src\yuescript</Filter>
    </ClInclude>
    <ClInclude Include="src\yuescript\yue_compiler.h">
      <Filter>src\yuescript</Filter>
    </ClInclude>
    <ClInclude Include="src\yuescript\yue_parser.h">
      <Filter>src\yuescript</Filter>
    </ClInclude>
    <ClInclude Include="src\yuescript\yuescript.h">
      <Filter>src\yuescript</Filter>
    </ClInclude>
  </ItemGroup>
</Project>