
Microsoft Visual Studio Solution File, Format Version 12.00
# Visual Studio Version 17
VisualStudioVersion = 17.0.32112.339
MinimumVisualStudioVersion = 10.0.40219.1
Project("{8BC9CEB8-8B4A-11D0-8D11-00A0C91BC942}") = "Yuescript", "Yuescript\Yuescript.vcxproj", "{CF4F54DB-61FE-48E0-BA2E-4168BA27ECBD}"
EndProject
Project("{8BC9CEB8-8B4A-11D0-8D11-00A0C91BC942}") = "Lua51", "Lua51\Lua51.vcxproj", "{26D6E513-4959-4B9D-B213-C45A348FB350}"
EndProject
Project("{8BC9CEB8-8B4A-11D0-8D11-00A0C91BC942}") = "YuescriptDLL", "YuescriptDLL\YuescriptDLL.vcxproj", "{08A9E377-ECC6-4ACB-AF99-8F683D5F48A5}"
	ProjectSection(ProjectDependencies) = postProject
		{26D6E513-4959-4B9D-B213-C45A348FB350} = {26D6E513-4959-4B9D-B213-C45A348FB350}
		{886061CE-6872-4BFA-BB10-FE2F1D428EB4} = {886061CE-6872-4BFA-BB10-FE2F1D428EB4}
	EndProjectSection
EndProject
Project("{8BC9CEB8-8B4A-11D0-8D11-00A0C91BC942}") = "Lua53", "Lua53\Lua53.vcxproj", "{886061CE-6872-4BFA-BB10-FE2F1D428EB4}"
EndProject
Global
	GlobalSection(SolutionConfigurationPlatforms) = preSolution
		Debug|x64 = Debug|x64
		Debug|x86 = Debug|x86
		Debug51|x64 = Debug51|x64
		Debug51|x86 = Debug51|x86
		Debug53|x64 = Debug53|x64
		Debug53|x86 = Debug53|x86
		Release|x64 = Release|x64
		Release|x86 = Release|x86
		Release51|x64 = Release51|x64
		Release51|x86 = Release51|x86
		Release53|x64 = Release53|x64
		Release53|x86 = Release53|x86
	EndGlobalSection
	GlobalSection(ProjectConfigurationPlatforms) = postSolution
		{CF4F54DB-61FE-48E0-BA2E-4168BA27ECBD}.Debug|x64.ActiveCfg = Debug|x64
		{CF4F54DB-61FE-48E0-BA2E-4168BA27ECBD}.Debug|x64.Build.0 = Debug|x64
		{CF4F54DB-61FE-48E0-BA2E-4168BA27ECBD}.Debug|x86.ActiveCfg = Debug|Win32
		{CF4F54DB-61FE-48E0-BA2E-4168BA27ECBD}.Debug|x86.Build.0 = Debug|Win32
		{CF4F54DB-61FE-48E0-BA2E-4168BA27ECBD}.Debug51|x64.ActiveCfg = Debug|x64
		{CF4F54DB-61FE-48E0-BA2E-4168BA27ECBD}.Debug51|x86.ActiveCfg = Debug|Win32
		{CF4F54DB-61FE-48E0-BA2E-4168BA27ECBD}.Debug53|x64.ActiveCfg = Debug53|x64
		{CF4F54DB-61FE-48E0-BA2E-4168BA27ECBD}.Debug53|x86.ActiveCfg = Debug53|Win32
		{CF4F54DB-61FE-48E0-BA2E-4168BA27ECBD}.Release|x64.ActiveCfg = Release|x64
		{CF4F54DB-61FE-48E0-BA2E-4168BA27ECBD}.Release|x64.Build.0 = Release|x64
		{CF4F54DB-61FE-48E0-BA2E-4168BA27ECBD}.Release|x86.ActiveCfg = Release|Win32
		{CF4F54DB-61FE-48E0-BA2E-4168BA27ECBD}.Release|x86.Build.0 = Release|Win32
		{CF4F54DB-61FE-48E0-BA2E-4168BA27ECBD}.Release51|x64.ActiveCfg = Release|x64
		{CF4F54DB-61FE-48E0-BA2E-4168BA27ECBD}.Release51|x86.ActiveCfg = Release|Win32
		{CF4F54DB-61FE-48E0-BA2E-4168BA27ECBD}.Release53|x64.ActiveCfg = Release53|x64
		{CF4F54DB-61FE-48E0-BA2E-4168BA27ECBD}.Release53|x86.ActiveCfg = Release53|Win32
		{26D6E513-4959-4B9D-B213-C45A348FB350}.Debug|x64.ActiveCfg = Debug|x64
		{26D6E513-4959-4B9D-B213-C45A348FB350}.Debug|x86.ActiveCfg = Debug|Win32
		{26D6E513-4959-4B9D-B213-C45A348FB350}.Debug51|x64.ActiveCfg = Debug|x64
		{26D6E513-4959-4B9D-B213-C45A348FB350}.Debug51|x64.Build.0 = Debug|x64
		{26D6E513-4959-4B9D-B213-C45A348FB350}.Debug51|x86.ActiveCfg = Debug|Win32
		{26D6E513-4959-4B9D-B213-C45A348FB350}.Debug51|x86.Build.0 = Debug|Win32
		{26D6E513-4959-4B9D-B213-C45A348FB350}.Debug53|x64.ActiveCfg = Debug53|x64
		{26D6E513-4959-4B9D-B213-C45A348FB350}.Debug53|x86.ActiveCfg = Debug53|Win32
		{26D6E513-4959-4B9D-B213-C45A348FB350}.Release|x64.ActiveCfg = Release|x64
		{26D6E513-4959-4B9D-B213-C45A348FB350}.Release|x86.ActiveCfg = Release|Win32
		{26D6E513-4959-4B9D-B213-C45A348FB350}.Release51|x64.ActiveCfg = Release|x64
		{26D6E513-4959-4B9D-B213-C45A348FB350}.Release51|x64.Build.0 = Release|x64
		{26D6E513-4959-4B9D-B213-C45A348FB350}.Release51|x86.ActiveCfg = Release|Win32
		{26D6E513-4959-4B9D-B213-C45A348FB350}.Release51|x86.Build.0 = Release|Win32
		{26D6E513-4959-4B9D-B213-C45A348FB350}.Release53|x64.ActiveCfg = Release53|x64
		{26D6E513-4959-4B9D-B213-C45A348FB350}.Release53|x86.ActiveCfg = Release53|Win32
		{08A9E377-ECC6-4ACB-AF99-8F683D5F48A5}.Debug|x64.ActiveCfg = Debug|x64
		{08A9E377-ECC6-4ACB-AF99-8F683D5F48A5}.Debug|x86.ActiveCfg = Debug|Win32
		{08A9E377-ECC6-4ACB-AF99-8F683D5F48A5}.Debug51|x64.ActiveCfg = Debug|x64
		{08A9E377-ECC6-4ACB-AF99-8F683D5F48A5}.Debug51|x64.Build.0 = Debug|x64
		{08A9E377-ECC6-4ACB-AF99-8F683D5F48A5}.Debug51|x86.ActiveCfg = Debug|Win32
		{08A9E377-ECC6-4ACB-AF99-8F683D5F48A5}.Debug51|x86.Build.0 = Debug|Win32
		{08A9E377-ECC6-4ACB-AF99-8F683D5F48A5}.Debug53|x64.ActiveCfg = Debug53|x64
		{08A9E377-ECC6-4ACB-AF99-8F683D5F48A5}.Debug53|x64.Build.0 = Debug53|x64
		{08A9E377-ECC6-4ACB-AF99-8F683D5F48A5}.Debug53|x86.ActiveCfg = Debug53|Win32
		{08A9E377-ECC6-4ACB-AF99-8F683D5F48A5}.Debug53|x86.Build.0 = Debug53|Win32
		{08A9E377-ECC6-4ACB-AF99-8F683D5F48A5}.Release|x64.ActiveCfg = Release|x64
		{08A9E377-ECC6-4ACB-AF99-8F683D5F48A5}.Release|x86.ActiveCfg = Release|Win32
		{08A9E377-ECC6-4ACB-AF99-8F683D5F48A5}.Release51|x64.ActiveCfg = Release|x64
		{08A9E377-ECC6-4ACB-AF99-8F683D5F48A5}.Release51|x64.Build.0 = Release|x64
		{08A9E377-ECC6-4ACB-AF99-8F683D5F48A5}.Release51|x86.ActiveCfg = Release|Win32
		{08A9E377-ECC6-4ACB-AF99-8F683D5F48A5}.Release51|x86.Build.0 = Release|Win32
		{08A9E377-ECC6-4ACB-AF99-8F683D5F48A5}.Release53|x64.ActiveCfg = Release53|x64
		{08A9E377-ECC6-4ACB-AF99-8F683D5F48A5}.Release53|x64.Build.0 = Release53|x64
		{08A9E377-ECC6-4ACB-AF99-8F683D5F48A5}.Release53|x86.ActiveCfg = Release53|Win32
		{08A9E377-ECC6-4ACB-AF99-8F683D5F48A5}.Release53|x86.Build.0 = Release53|Win32
		{886061CE-6872-4BFA-BB10-FE2F1D428EB4}.Debug|x64.ActiveCfg = Debug|x64
		{886061CE-6872-4BFA-BB10-FE2F1D428EB4}.Debug|x86.ActiveCfg = Debug|Win32
		{886061CE-6872-4BFA-BB10-FE2F1D428EB4}.Debug51|x64.ActiveCfg = Debug|x64
		{886061CE-6872-4BFA-BB10-FE2F1D428EB4}.Debug51|x86.ActiveCfg = Debug|Win32
		{886061CE-6872-4BFA-BB10-FE2F1D428EB4}.Debug53|x64.ActiveCfg = Debug53|x64
		{886061CE-6872-4BFA-BB10-FE2F1D428EB4}.Debug53|x64.Build.0 = Debug53|x64
		{886061CE-6872-4BFA-BB10-FE2F1D428EB4}.Debug53|x86.ActiveCfg = Debug53|Win32
		{886061CE-6872-4BFA-BB10-FE2F1D428EB4}.Debug53|x86.Build.0 = Debug53|Win32
		{886061CE-6872-4BFA-BB10-FE2F1D428EB4}.Release|x64.ActiveCfg = Release|x64
		{886061CE-6872-4BFA-BB10-FE2F1D428EB4}.Release|x86.ActiveCfg = Release|Win32
		{886061CE-6872-4BFA-BB10-FE2F1D428EB4}.Release51|x64.ActiveCfg = Release|x64
		{886061CE-6872-4BFA-BB10-FE2F1D428EB4}.Release51|x86.ActiveCfg = Release|Win32
		{886061CE-6872-4BFA-BB10-FE2F1D428EB4}.Release53|x64.ActiveCfg = Release53|x64
		{886061CE-6872-4BFA-BB10-FE2F1D428EB4}.Release53|x64.Build.0 = Release53|x64
		{886061CE-6872-4BFA-BB10-FE2F1D428EB4}.Release53|x86.ActiveCfg = Release53|Win32
		{886061CE-6872-4BFA-BB10-FE2F1D428EB4}.Release53|x86.Build.0 = Release53|Win32
	EndGlobalSection
	GlobalSection(SolutionProperties) = preSolution
		HideSolutionNode = FALSE
	EndGlobalSection
	GlobalSection(ExtensibilityGlobals) = postSolution
		SolutionGuid = {49826A7F-7A92-4CFC-95DD-28B7045BB2F7}
	EndGlobalSection
EndGlobal
