// !$*UTF8*$!
{
	archiveVersion = 1;
	classes = {
	};
	objectVersion = 46;
	objects = {

/* Begin PBXBuildFile section */
		3C3B1C601F1EF0AB0052A206 /* moon_ast.cpp in Sources */ = {isa = PBXBuildFile; fileRef = 3C3B1C5E1F1EF0AB0052A206 /* moon_ast.cpp */; };
		3C6FFA331F16F97400541BCA /* ast.cpp in Sources */ = {isa = PBXBuildFile; fileRef = 3C6FFA2D1F16F97400541BCA /* ast.cpp */; };
		3C6FFA341F16F97400541BCA /* moon_parser.cpp in Sources */ = {isa = PBXBuildFile; fileRef = 3C6FFA2F1F16F97400541BCA /* moon_parser.cpp */; };
		3C6FFA351F16F97400541BCA /* parser.cpp in Sources */ = {isa = PBXBuildFile; fileRef = 3C6FFA301F16F97400541BCA /* parser.cpp */; };
/* End PBXBuildFile section */

/* Begin PBXCopyFilesBuildPhase section */
		3C0F0F6A1EF3781E000EADDB /* CopyFiles */ = {
			isa = PBXCopyFilesBuildPhase;
			buildActionMask = 2147483647;
			dstPath = /usr/share/man/man1/;
			dstSubfolderSpec = 0;
			files = (
			);
			runOnlyForDeploymentPostprocessing = 1;
		};
/* End PBXCopyFilesBuildPhase section */

/* Begin PBXFileReference section */
		3C0F0F6C1EF3781E000EADDB /* MoonParser */ = {isa = PBXFileReference; explicitFileType = "compiled.mach-o.executable"; includeInIndex = 0; path = MoonParser; sourceTree = BUILT_PRODUCTS_DIR; };
		3C3B1C5E1F1EF0AB0052A206 /* moon_ast.cpp */ = {isa = PBXFileReference; fileEncoding = 4; lastKnownFileType = sourcecode.cpp.cpp; path = moon_ast.cpp; sourceTree = "<group>"; };
		3C3B1C5F1F1EF0AB0052A206 /* moon_ast.h */ = {isa = PBXFileReference; fileEncoding = 4; lastKnownFileType = sourcecode.c.h; path = moon_ast.h; sourceTree = "<group>"; };
		3C3B1C611F1EFC810052A206 /* moon_parser.h */ = {isa = PBXFileReference; fileEncoding = 4; lastKnownFileType = sourcecode.c.h; path = moon_parser.h; sourceTree = "<group>"; };
		3C6FFA2D1F16F97400541BCA /* ast.cpp */ = {isa = PBXFileReference; fileEncoding = 4; lastKnownFileType = sourcecode.cpp.cpp; path = ast.cpp; sourceTree = "<group>"; };
		3C6FFA2E1F16F97400541BCA /* ast.hpp */ = {isa = PBXFileReference; fileEncoding = 4; lastKnownFileType = sourcecode.cpp.h; path = ast.hpp; sourceTree = "<group>"; };
		3C6FFA2F1F16F97400541BCA /* moon_parser.cpp */ = {isa = PBXFileReference; fileEncoding = 4; lastKnownFileType = sourcecode.cpp.cpp; path = moon_parser.cpp; sourceTree = "<group>"; };
		3C6FFA301F16F97400541BCA /* parser.cpp */ = {isa = PBXFileReference; fileEncoding = 4; lastKnownFileType = sourcecode.cpp.cpp; path = parser.cpp; sourceTree = "<group>"; };
		3C6FFA311F16F97400541BCA /* parser.hpp */ = {isa = PBXFileReference; fileEncoding = 4; lastKnownFileType = sourcecode.cpp.h; path = parser.hpp; sourceTree = "<group>"; };
		3C6FFA321F16F97400541BCA /* parserlib.hpp */ = {isa = PBXFileReference; fileEncoding = 4; lastKnownFileType = sourcecode.cpp.h; path = parserlib.hpp; sourceTree = "<group>"; };
/* End PBXFileReference section */

/* Begin PBXFrameworksBuildPhase section */
		3C0F0F691EF3781E000EADDB /* Frameworks */ = {
			isa = PBXFrameworksBuildPhase;
			buildActionMask = 2147483647;
			files = (
			);
			runOnlyForDeploymentPostprocessing = 0;
		};
/* End PBXFrameworksBuildPhase section */

/* Begin PBXGroup section */
		3C0631A11F0CBE210089D0AB /* MoonParser */ = {
			isa = PBXGroup;
			children = (
				3C6FFA2D1F16F97400541BCA /* ast.cpp */,
				3C6FFA2E1F16F97400541BCA /* ast.hpp */,
				3C6FFA2F1F16F97400541BCA /* moon_parser.cpp */,
				3C3B1C611F1EFC810052A206 /* moon_parser.h */,
				3C3B1C5E1F1EF0AB0052A206 /* moon_ast.cpp */,
				3C3B1C5F1F1EF0AB0052A206 /* moon_ast.h */,
				3C6FFA301F16F97400541BCA /* parser.cpp */,
				3C6FFA311F16F97400541BCA /* parser.hpp */,
				3C6FFA321F16F97400541BCA /* parserlib.hpp */,
			);
			path = MoonParser;
			sourceTree = "<group>";
		};
		3C0F0F631EF3781E000EADDB = {
			isa = PBXGroup;
			children = (
				3C0631A11F0CBE210089D0AB /* MoonParser */,
				3C0F0F6D1EF3781E000EADDB /* Products */,
			);
			sourceTree = "<group>";
		};
		3C0F0F6D1EF3781E000EADDB /* Products */ = {
			isa = PBXGroup;
			children = (
				3C0F0F6C1EF3781E000EADDB /* MoonParser */,
			);
			name = Products;
			sourceTree = "<group>";
		};
/* End PBXGroup section */

/* Begin PBXNativeTarget section */
		3C0F0F6B1EF3781E000EADDB /* MoonParser */ = {
			isa = PBXNativeTarget;
			buildConfigurationList = 3C0F0F731EF3781E000EADDB /* Build configuration list for PBXNativeTarget "MoonParser" */;
			buildPhases = (
				3C0F0F681EF3781E000EADDB /* Sources */,
				3C0F0F691EF3781E000EADDB /* Frameworks */,
				3C0F0F6A1EF3781E000EADDB /* CopyFiles */,
			);
			buildRules = (
			);
			dependencies = (
			);
			name = MoonParser;
			productName = PegtlStudy;
			productReference = 3C0F0F6C1EF3781E000EADDB /* MoonParser */;
			productType = "com.apple.product-type.tool";
		};
/* End PBXNativeTarget section */

/* Begin PBXProject section */
		3C0F0F641EF3781E000EADDB /* Project object */ = {
			isa = PBXProject;
			attributes = {
				LastUpgradeCheck = 0820;
				ORGANIZATIONNAME = "Li Jin";
				TargetAttributes = {
					3C0F0F6B1EF3781E000EADDB = {
						CreatedOnToolsVersion = 8.2.1;
						ProvisioningStyle = Automatic;
					};
				};
			};
			buildConfigurationList = 3C0F0F671EF3781E000EADDB /* Build configuration list for PBXProject "MoonParser" */;
			compatibilityVersion = "Xcode 3.2";
			developmentRegion = English;
			hasScannedForEncodings = 0;
			knownRegions = (
				en,
			);
			mainGroup = 3C0F0F631EF3781E000EADDB;
			productRefGroup = 3C0F0F6D1EF3781E000EADDB /* Products */;
			projectDirPath = "";
			projectRoot = "";
			targets = (
				3C0F0F6B1EF3781E000EADDB /* MoonParser */,
			);
		};
/* End PBXProject section */

/* Begin PBXSourcesBuildPhase section */
		3C0F0F681EF3781E000EADDB /* Sources */ = {
			isa = PBXSourcesBuildPhase;
			buildActionMask = 2147483647;
			files = (
				3C6FFA341F16F97400541BCA /* moon_parser.cpp in Sources */,
				3C3B1C601F1EF0AB0052A206 /* moon_ast.cpp in Sources */,
				3C6FFA351F16F97400541BCA /* parser.cpp in Sources */,
				3C6FFA331F16F97400541BCA /* ast.cpp in Sources */,
			);
			runOnlyForDeploymentPostprocessing = 0;
		};
/* End PBXSourcesBuildPhase section */

/* Begin XCBuildConfiguration section */
		3C0F0F711EF3781E000EADDB /* Debug */ = {
			isa = XCBuildConfiguration;
			buildSettings = {
				ALWAYS_SEARCH_USER_PATHS = NO;
				CLANG_ANALYZER_NONNULL = YES;
				CLANG_CXX_LANGUAGE_STANDARD = "gnu++0x";
				CLANG_CXX_LIBRARY = "libc++";
				CLANG_ENABLE_MODULES = YES;
				CLANG_ENABLE_OBJC_ARC = YES;
				CLANG_WARN_BOOL_CONVERSION = YES;
				CLANG_WARN_CONSTANT_CONVERSION = YES;
				CLANG_WARN_DIRECT_OBJC_ISA_USAGE = YES_ERROR;
				CLANG_WARN_DOCUMENTATION_COMMENTS = YES;
				CLANG_WARN_EMPTY_BODY = YES;
				CLANG_WARN_ENUM_CONVERSION = YES;
				CLANG_WARN_INFINITE_RECURSION = YES;
				CLANG_WARN_INT_CONVERSION = YES;
				CLANG_WARN_OBJC_ROOT_CLASS = YES_ERROR;
				CLANG_WARN_SUSPICIOUS_MOVE = YES;
				CLANG_WARN_UNREACHABLE_CODE = YES;
				CLANG_WARN__DUPLICATE_METHOD_MATCH = YES;
				CODE_SIGN_IDENTITY = "-";
				COPY_PHASE_STRIP = NO;
				DEBUG_INFORMATION_FORMAT = dwarf;
				ENABLE_STRICT_OBJC_MSGSEND = YES;
				ENABLE_TESTABILITY = YES;
				GCC_C_LANGUAGE_STANDARD = gnu99;
				GCC_DYNAMIC_NO_PIC = NO;
				GCC_NO_COMMON_BLOCKS = YES;
				GCC_OPTIMIZATION_LEVEL = 0;
				GCC_PREPROCESSOR_DEFINITIONS = (
					"DEBUG=1",
					"$(inherited)",
				);
				GCC_WARN_64_TO_32_BIT_CONVERSION = YES;
				GCC_WARN_ABOUT_RETURN_TYPE = YES_ERROR;
				GCC_WARN_UNDECLARED_SELECTOR = YES;
				GCC_WARN_UNINITIALIZED_AUTOS = YES_AGGRESSIVE;
				GCC_WARN_UNUSED_FUNCTION = YES;
				GCC_WARN_UNUSED_VARIABLE = YES;
				MACOSX_DEPLOYMENT_TARGET = 10.12;
				MTL_ENABLE_DEBUG_INFO = YES;
				ONLY_ACTIVE_ARCH = YES;
				SDKROOT = macosx;
			};
			name = Debug;
		};
		3C0F0F721EF3781E000EADDB /* Release */ = {
			isa = XCBuildConfiguration;
			buildSettings = {
				ALWAYS_SEARCH_USER_PATHS = NO;
				CLANG_ANALYZER_NONNULL = YES;
				CLANG_CXX_LANGUAGE_STANDARD = "gnu++0x";
				CLANG_CXX_LIBRARY = "libc++";
				CLANG_ENABLE_MODULES = YES;
				CLANG_ENABLE_OBJC_ARC = YES;
				CLANG_WARN_BOOL_CONVERSION = YES;
				CLANG_WARN_CONSTANT_CONVERSION = YES;
				CLANG_WARN_DIRECT_OBJC_ISA_USAGE = YES_ERROR;
				CLANG_WARN_DOCUMENTATION_COMMENTS = YES;
				CLANG_WARN_EMPTY_BODY = YES;
				CLANG_WARN_ENUM_CONVERSION = YES;
				CLANG_WARN_INFINITE_RECURSION = YES;
				CLANG_WARN_INT_CONVERSION = YES;
				CLANG_WARN_OBJC_ROOT_CLASS = YES_ERROR;
				CLANG_WARN_SUSPICIOUS_MOVE = YES;
				CLANG_WARN_UNREACHABLE_CODE = YES;
				CLANG_WARN__DUPLICATE_METHOD_MATCH = YES;
				CODE_SIGN_IDENTITY = "-";
				COPY_PHASE_STRIP = NO;
				DEBUG_INFORMATION_FORMAT = "dwarf-with-dsym";
				ENABLE_NS_ASSERTIONS = NO;
				ENABLE_STRICT_OBJC_MSGSEND = YES;
				GCC_C_LANGUAGE_STANDARD = gnu99;
				GCC_NO_COMMON_BLOCKS = YES;
				GCC_WARN_64_TO_32_BIT_CONVERSION = YES;
				GCC_WARN_ABOUT_RETURN_TYPE = YES_ERROR;
				GCC_WARN_UNDECLARED_SELECTOR = YES;
				GCC_WARN_UNINITIALIZED_AUTOS = YES_AGGRESSIVE;
				GCC_WARN_UNUSED_FUNCTION = YES;
				GCC_WARN_UNUSED_VARIABLE = YES;
				MACOSX_DEPLOYMENT_TARGET = 10.12;
				MTL_ENABLE_DEBUG_INFO = NO;
				SDKROOT = macosx;
			};
			name = Release;
		};
		3C0F0F741EF3781E000EADDB /* Debug */ = {
			isa = XCBuildConfiguration;
			buildSettings = {
				OTHER_CPLUSPLUSFLAGS = (
					"$(OTHER_CFLAGS)",
					"-ftemplate-depth=512",
				);
				OTHER_LDFLAGS = "";
				PRODUCT_NAME = "$(TARGET_NAME)";
			};
			name = Debug;
		};
		3C0F0F751EF3781E000EADDB /* Release */ = {
			isa = XCBuildConfiguration;
			buildSettings = {
				OTHER_CPLUSPLUSFLAGS = (
					"$(OTHER_CFLAGS)",
					"-ftemplate-depth=512",
				);
				OTHER_LDFLAGS = "";
				PRODUCT_NAME = "$(TARGET_NAME)";
			};
			name = Release;
		};
/* End XCBuildConfiguration section */

/* Begin XCConfigurationList section */
		3C0F0F671EF3781E000EADDB /* Build configuration list for PBXProject "MoonParser" */ = {
			isa = XCConfigurationList;
			buildConfigurations = (
				3C0F0F711EF3781E000EADDB /* Debug */,
				3C0F0F721EF3781E000EADDB /* Release */,
			);
			defaultConfigurationIsVisible = 0;
			defaultConfigurationName = Release;
		};
		3C0F0F731EF3781E000EADDB /* Build configuration list for PBXNativeTarget "MoonParser" */ = {
			isa = XCConfigurationList;
			buildConfigurations = (
				3C0F0F741EF3781E000EADDB /* Debug */,
				3C0F0F751EF3781E000EADDB /* Release */,
			);
			defaultConfigurationIsVisible = 0;
			defaultConfigurationName = Release;
		};
/* End XCConfigurationList section */
	};
	rootObject = 3C0F0F641EF3781E000EADDB /* Project object */;
}
